
Microsoft Visual Studio Solution File, Format Version 12.00
# Visual Studio Version 17
VisualStudioVersion = 17.5.002.0
MinimumVisualStudioVersion = 10.0.40219.1
Project("{9A19103F-16F7-4668-BE54-9A1E7A4F7556}") = "CourseApp.Payment.Api", "CourseApp.Payment.Api.csproj", "{12BAE8DE-DFF9-4A9E-8F2A-F210F53ADFE7}"
EndProject
Global
	GlobalSection(SolutionConfigurationPlatforms) = preSolution
		Debug|Any CPU = Debug|Any CPU
		Release|Any CPU = Release|Any CPU
	EndGlobalSection
	GlobalSection(ProjectConfigurationPlatforms) = postSolution
		{12BAE8DE-DFF9-4A9E-8F2A-F210F53ADFE7}.Debug|Any CPU.ActiveCfg = Debug|Any CPU
		{12BAE8DE-DFF9-4A9E-8F2A-F210F53ADFE7}.Debug|Any CPU.Build.0 = Debug|Any CPU
		{12BAE8DE-DFF9-4A9E-8F2A-F210F53ADFE7}.Release|Any CPU.ActiveCfg = Release|Any CPU
		{12BAE8DE-DFF9-4A9E-8F2A-F210F53ADFE7}.Release|Any CPU.Build.0 = Release|Any CPU
	EndGlobalSection
	GlobalSection(SolutionProperties) = preSolution
		HideSolutionNode = FALSE
	EndGlobalSection
	GlobalSection(ExtensibilityGlobals) = postSolution
		SolutionGuid = {275347C8-F7CE-4495-8CBB-BF58FA05CEF1}
	EndGlobalSection
EndGlobal
